
Microsoft Visual Studio Solution File, Format Version 11.00
# Visual Studio 2010
Project("{FAE04EC0-301F-11D3-BF4B-00C04F79EFBC}") = "Prison-Break", "Assembly-CSharp.csproj", "{207C34F6-8683-CDE6-9015-791BB2E3CAC3}"
EndProject
Global
	GlobalSection(SolutionConfigurationPlatforms) = preSolution
		Debug|Any CPU = Debug|Any CPU
		Release|Any CPU = Release|Any CPU
	EndGlobalSection
	GlobalSection(ProjectConfigurationPlatforms) = postSolution
		{207C34F6-8683-CDE6-9015-791BB2E3CAC3}.Debug|Any CPU.ActiveCfg = Debug|Any CPU
		{207C34F6-8683-CDE6-9015-791BB2E3CAC3}.Debug|Any CPU.Build.0 = Debug|Any CPU
		{207C34F6-8683-CDE6-9015-791BB2E3CAC3}.Release|Any CPU.ActiveCfg = Release|Any CPU
		{207C34F6-8683-CDE6-9015-791BB2E3CAC3}.Release|Any CPU.Build.0 = Release|Any CPU
	EndGlobalSection
	GlobalSection(SolutionProperties) = preSolution
		HideSolutionNode = FALSE
	EndGlobalSection
	GlobalSection(MonoDevelopProperties) = preSolution
		StartupItem = Assembly-CSharp.csproj
	EndGlobalSection
EndGlobal
